
Microsoft Visual Studio Solution File, Format Version 12.00
#
Project("{2150E333-8FDC-42A3-9474-1A3956D46DE8}") = "Application", "Application", "{7B14F5E2-81DC-4ABA-A280-5FFAC6CEE9D8}"
EndProject
Project("{2150E333-8FDC-42A3-9474-1A3956D46DE8}") = "Domain", "Domain", "{FF8C681A-C44F-4E54-821C-69A7C64FA3B3}"
EndProject
Project("{2150E333-8FDC-42A3-9474-1A3956D46DE8}") = "Infra.Data", "Infra.Data", "{3A3042C1-5CC8-492B-B31C-4BE0C6D9B3AA}"
EndProject
Project("{2150E333-8FDC-42A3-9474-1A3956D46DE8}") = "Infra.IoC", "Infra.IoC", "{637A07A8-85A8-478E-8B39-F2A14C9C6CE0}"
EndProject
Project("{2150E333-8FDC-42A3-9474-1A3956D46DE8}") = "Presentation", "Presentation", "{89D9C824-204B-42A3-8A08-2F423927A422}"
EndProject
Project("{FAE04EC0-301F-11D3-BF4B-00C04F79EFBC}") = "ProjectsGroup.Domain", "ProjectsGroup.Domain\ProjectsGroup.Domain.csproj", "{BFF8287C-5C9D-435B-BBB5-6599038CCF69}"
EndProject
Project("{FAE04EC0-301F-11D3-BF4B-00C04F79EFBC}") = "ProjectsGroup.Infra.Data", "ProjectsGroup.Infra.Data\ProjectsGroup.Infra.Data.csproj", "{385C3B32-65E6-44C8-8198-0E7E67B65B5F}"
EndProject
Project("{FAE04EC0-301F-11D3-BF4B-00C04F79EFBC}") = "ProjectsGroup.Mvc", "ProjectsGroup.Mvc\ProjectsGroup.Mvc.csproj", "{2524C87A-3198-4C2D-BEBB-F935B5491020}"
EndProject
Project("{FAE04EC0-301F-11D3-BF4B-00C04F79EFBC}") = "ProjectsGroup.Application", "ProjectsGroup.Application\ProjectsGroup.Application.csproj", "{20DD3B20-A1B3-4831-9403-0CD4CDC32E5B}"
EndProject
Project("{FAE04EC0-301F-11D3-BF4B-00C04F79EFBC}") = "ProjectsGroup.Infra.IoC", "ProjectsGroup.Infra.IoC\ProjectsGroup.Infra.IoC.csproj", "{DF22CE80-7C20-4C89-9A93-172D9A50DFE4}"
EndProject
Global
	GlobalSection(SolutionConfigurationPlatforms) = preSolution
		Debug|Any CPU = Debug|Any CPU
		Release|Any CPU = Release|Any CPU
	EndGlobalSection
	GlobalSection(ProjectConfigurationPlatforms) = postSolution
		{BFF8287C-5C9D-435B-BBB5-6599038CCF69}.Debug|Any CPU.ActiveCfg = Debug|Any CPU
		{BFF8287C-5C9D-435B-BBB5-6599038CCF69}.Debug|Any CPU.Build.0 = Debug|Any CPU
		{BFF8287C-5C9D-435B-BBB5-6599038CCF69}.Release|Any CPU.ActiveCfg = Release|Any CPU
		{BFF8287C-5C9D-435B-BBB5-6599038CCF69}.Release|Any CPU.Build.0 = Release|Any CPU
		{385C3B32-65E6-44C8-8198-0E7E67B65B5F}.Debug|Any CPU.ActiveCfg = Debug|Any CPU
		{385C3B32-65E6-44C8-8198-0E7E67B65B5F}.Debug|Any CPU.Build.0 = Debug|Any CPU
		{385C3B32-65E6-44C8-8198-0E7E67B65B5F}.Release|Any CPU.ActiveCfg = Release|Any CPU
		{385C3B32-65E6-44C8-8198-0E7E67B65B5F}.Release|Any CPU.Build.0 = Release|Any CPU
		{2524C87A-3198-4C2D-BEBB-F935B5491020}.Debug|Any CPU.ActiveCfg = Debug|Any CPU
		{2524C87A-3198-4C2D-BEBB-F935B5491020}.Debug|Any CPU.Build.0 = Debug|Any CPU
		{2524C87A-3198-4C2D-BEBB-F935B5491020}.Release|Any CPU.ActiveCfg = Release|Any CPU
		{2524C87A-3198-4C2D-BEBB-F935B5491020}.Release|Any CPU.Build.0 = Release|Any CPU
		{20DD3B20-A1B3-4831-9403-0CD4CDC32E5B}.Debug|Any CPU.ActiveCfg = Debug|Any CPU
		{20DD3B20-A1B3-4831-9403-0CD4CDC32E5B}.Debug|Any CPU.Build.0 = Debug|Any CPU
		{20DD3B20-A1B3-4831-9403-0CD4CDC32E5B}.Release|Any CPU.ActiveCfg = Release|Any CPU
		{20DD3B20-A1B3-4831-9403-0CD4CDC32E5B}.Release|Any CPU.Build.0 = Release|Any CPU
		{DF22CE80-7C20-4C89-9A93-172D9A50DFE4}.Debug|Any CPU.ActiveCfg = Debug|Any CPU
		{DF22CE80-7C20-4C89-9A93-172D9A50DFE4}.Debug|Any CPU.Build.0 = Debug|Any CPU
		{DF22CE80-7C20-4C89-9A93-172D9A50DFE4}.Release|Any CPU.ActiveCfg = Release|Any CPU
		{DF22CE80-7C20-4C89-9A93-172D9A50DFE4}.Release|Any CPU.Build.0 = Release|Any CPU
	EndGlobalSection
	GlobalSection(NestedProjects) = preSolution
		{BFF8287C-5C9D-435B-BBB5-6599038CCF69} = {FF8C681A-C44F-4E54-821C-69A7C64FA3B3}
		{385C3B32-65E6-44C8-8198-0E7E67B65B5F} = {3A3042C1-5CC8-492B-B31C-4BE0C6D9B3AA}
		{2524C87A-3198-4C2D-BEBB-F935B5491020} = {89D9C824-204B-42A3-8A08-2F423927A422}
		{20DD3B20-A1B3-4831-9403-0CD4CDC32E5B} = {7B14F5E2-81DC-4ABA-A280-5FFAC6CEE9D8}
		{DF22CE80-7C20-4C89-9A93-172D9A50DFE4} = {637A07A8-85A8-478E-8B39-F2A14C9C6CE0}
	EndGlobalSection
EndGlobal
